<?xml version="1.0" encoding="utf-8"?>
<Project ToolsVersion="4.0" xmlns="http://schemas.microsoft.com/developer/msbuild/2003">
  <ItemGroup>
    <Filter Include="Util">
      <UniqueIdentifier>{6c558a3b-4a8d-48fc-bbf7-322e701b3047}</UniqueIdentifier>
    </Filter>
    <Filter Include="Util\tinyxml">
      <UniqueIdentifier>{8db18b90-0daf-464b-9514-f337bd29b790}</UniqueIdentifier>
    </Filter>
    <Filter Include="PCH">
      <UniqueIdentifier>{f8269acc-b5a1-4997-ae18-36de2e7ff1fa}</UniqueIdentifier>
    </Filter>
    <Filter Include="Game">
      <UniqueIdentifier>{a90c1854-2dfd-46b6-a4c5-b15225576ca8}</UniqueIdentifier>
    </Filter>
    <Filter Include="CustomType">
      <UniqueIdentifier>{9329bddc-d8cd-4b60-aece-b2e3c7e7b6e1}</UniqueIdentifier>
    </Filter>
    <Filter Include="CustomType\GameCustomType">
      <UniqueIdentifier>{46457028-f56f-47e9-b513-82f0b423532c}</UniqueIdentifier>
    </Filter>
    <Filter Include="Network">
      <UniqueIdentifier>{c134b0c5-ab4b-46f1-b3b5-17ed261d7800}</UniqueIdentifier>
    </Filter>
    <Filter Include="Network\Packet">
      <UniqueIdentifier>{66160926-aa6f-4405-a80d-9d02dc831761}</UniqueIdentifier>
    </Filter>
    <Filter Include="Network\Peer">
      <UniqueIdentifier>{b0d55ccc-c976-4fe2-ad38-1683490405a7}</UniqueIdentifier>
    </Filter>
    <Filter Include="Network\Process">
      <UniqueIdentifier>{f2bca14a-e765-4151-95ac-22bdda07499f}</UniqueIdentifier>
    </Filter>
  </ItemGroup>
  <ItemGroup>
    <ClInclude Include="ServerLibrary.h" />
    <ClInclude Include="Util\Type.h">
      <Filter>Util</Filter>
    </ClInclude>
    <ClInclude Include="Util\Singleton.h">
      <Filter>Util</Filter>
    </ClInclude>
    <ClInclude Include="Util\Clock.h">
      <Filter>Util</Filter>
    </ClInclude>
    <ClInclude Include="Util\Util.h">
      <Filter>Util</Filter>
    </ClInclude>
    <ClInclude Include="Util\Lock.h">
      <Filter>Util</Filter>
    </ClInclude>
    <ClInclude Include="Util\Thread.h">
      <Filter>Util</Filter>
    </ClInclude>
    <ClInclude Include="Util\Logger.h">
      <Filter>Util</Filter>
    </ClInclude>
    <ClInclude Include="Util\ThreadJobQueue.h">
      <Filter>Util</Filter>
    </ClInclude>
    <ClInclude Include="Util\Task.h">
      <Filter>Util</Filter>
    </ClInclude>
    <ClInclude Include="Network\Server.h">
      <Filter>Network</Filter>
    </ClInclude>
    <ClInclude Include="Network\ServerIOCP.h">
      <Filter>Network</Filter>
    </ClInclude>
    <ClInclude Include="Network\Session.h">
      <Filter>Network</Filter>
    </ClInclude>
    <ClInclude Include="Network\IOCPSession.h">
      <Filter>Network</Filter>
    </ClInclude>
    <ClInclude Include="Network\SessionManager.h">
      <Filter>Network</Filter>
    </ClInclude>
    <ClInclude Include="Network\Packet\PacketHeader.h">
      <Filter>Network\Packet</Filter>
    </ClInclude>
    <ClInclude Include="Network\Packet\PacketAnalyer.h">
      <Filter>Network\Packet</Filter>
    </ClInclude>
    <ClInclude Include="Network\Packet\Package.h">
      <Filter>Network\Packet</Filter>
    </ClInclude>
    <ClInclude Include="Network\Shutdown.h">
      <Filter>Network</Filter>
    </ClInclude>
    <ClInclude Include="Util\tinyxml\tinystr.h">
      <Filter>Util\tinyxml</Filter>
    </ClInclude>
    <ClInclude Include="Util\tinyxml\tinyxml.h">
      <Filter>Util\tinyxml</Filter>
    </ClInclude>
    <ClInclude Include="Util\Config.h">
      <Filter>Util</Filter>
    </ClInclude>
    <ClInclude Include="Network\HeartBeat.h">
      <Filter>Network</Filter>
    </ClInclude>
    <ClInclude Include="stdafx.h">
      <Filter>PCH</Filter>
    </ClInclude>
    <ClInclude Include="Network\Packet\PacketClass.h">
      <Filter>Network\Packet</Filter>
    </ClInclude>
    <ClInclude Include="Network\Packet\Protocol18.h">
      <Filter>Network\Packet</Filter>
    </ClInclude>
    <ClInclude Include="Network\Packet\StreamBuffer.h">
      <Filter>Network</Filter>
    </ClInclude>
    <ClInclude Include="Network\Protocol.h">
      <Filter>Network\Packet</Filter>
    </ClInclude>
    <ClInclude Include="Network\Enums.h">
      <Filter>Network</Filter>
    </ClInclude>
    <ClInclude Include="Game\Lobby.h">
      <Filter>Game</Filter>
    </ClInclude>
    <ClInclude Include="Game\LobbyManager.h">
      <Filter>Game</Filter>
    </ClInclude>
    <ClInclude Include="Game\Room.h">
      <Filter>Game</Filter>
    </ClInclude>
    <ClInclude Include="Network\Peer.h">
      <Filter>Network\Peer</Filter>
    </ClInclude>
    <ClInclude Include="Network\C_UnityPeer.h">
      <Filter>Network\Peer</Filter>
    </ClInclude>
    <ClInclude Include="Network\Packet\CustomType\GameCustomType\Vector3.h">
      <Filter>CustomType\GameCustomType</Filter>
    </ClInclude>
    <ClInclude Include="Network\Packet\CustomType\GameCustomType\Quaternion.h">
      <Filter>CustomType\GameCustomType</Filter>
    </ClInclude>
    <ClInclude Include="Network\Packet\CustomType\Dictionary.h">
      <Filter>CustomType</Filter>
    </ClInclude>
    <ClInclude Include="Network\Packet\CustomType\generic_.h">
      <Filter>CustomType</Filter>
    </ClInclude>
    <ClInclude Include="Network\Packet\CustomType\Hashtable.h">
      <Filter>CustomType</Filter>
    </ClInclude>
    <ClInclude Include="Network\Packet\CustomType\Object.h">
      <Filter>CustomType</Filter>
    </ClInclude>
    <ClInclude Include="Network\Packet\CustomType\vector_.h">
      <Filter>CustomType</Filter>
    </ClInclude>
    <ClInclude Include="Network\Packet\CustomType\wstring_.h">
      <Filter>CustomType</Filter>
    </ClInclude>
    <ClInclude Include="Network\Packet\GpType.h">
      <Filter>Network\Packet</Filter>
    </ClInclude>
    <ClInclude Include="Network\Packet\ContentsProcess.h">
      <Filter>Network\Process</Filter>
    </ClInclude>
    <ClInclude Include="Network\Packet\MainProcess.h">
      <Filter>Network\Process</Filter>
    </ClInclude>
  </ItemGroup>
  <ItemGroup>
    <ClCompile Include="Util\Lock.cpp">
      <Filter>Util</Filter>
    </ClCompile>
    <ClCompile Include="Util\Clock.cpp">
      <Filter>Util</Filter>
    </ClCompile>
    <ClCompile Include="Util\Thread.cpp">
      <Filter>Util</Filter>
    </ClCompile>
    <ClCompile Include="Util\Logger.cpp">
      <Filter>Util</Filter>
    </ClCompile>
    <ClCompile Include="Util\Task.cpp">
      <Filter>Util</Filter>
    </ClCompile>
    <ClCompile Include="Network\Server.cpp">
      <Filter>Network</Filter>
    </ClCompile>
    <ClCompile Include="Network\ServerIOCP.cpp">
      <Filter>Network</Filter>
    </ClCompile>
    <ClCompile Include="Network\Session.cpp">
      <Filter>Network</Filter>
    </ClCompile>
    <ClCompile Include="Network\IOCPSession.cpp">
      <Filter>Network</Filter>
    </ClCompile>
    <ClCompile Include="Network\SessionManager.cpp">
      <Filter>Network</Filter>
    </ClCompile>
    <ClCompile Include="Util\tinyxml\tinystr.cpp">
      <Filter>Util\tinyxml</Filter>
    </ClCompile>
    <ClCompile Include="Util\tinyxml\tinyxml.cpp">
      <Filter>Util\tinyxml</Filter>
    </ClCompile>
    <ClCompile Include="Util\tinyxml\tinyxmlerror.cpp">
      <Filter>Util\tinyxml</Filter>
    </ClCompile>
    <ClCompile Include="Util\tinyxml\tinyxmlparser.cpp">
      <Filter>Util\tinyxml</Filter>
    </ClCompile>
    <ClCompile Include="Util\Config.cpp">
      <Filter>Util</Filter>
    </ClCompile>
    <ClCompile Include="NDG_Server_Main.cpp" />
    <ClCompile Include="Network\HeartBeat.cpp">
      <Filter>Network</Filter>
    </ClCompile>
    <ClCompile Include="Network\Packet\Protocol18.cpp">
      <Filter>Network\Packet</Filter>
    </ClCompile>
    <ClCompile Include="Network\StreamBuffer.cpp">
      <Filter>Network</Filter>
    </ClCompile>
    <ClCompile Include="Network\Protocol.cpp">
      <Filter>Network\Packet</Filter>
    </ClCompile>
    <ClCompile Include="Network\Packet\PacketAnalyer.cpp">
      <Filter>Network\Packet</Filter>
    </ClCompile>
    <ClCompile Include="Game\Lobby.cpp">
      <Filter>Game</Filter>
    </ClCompile>
    <ClCompile Include="Game\LobbyManager.cpp">
      <Filter>Game</Filter>
    </ClCompile>
    <ClCompile Include="Game\Room.cpp">
      <Filter>Game</Filter>
    </ClCompile>
    <ClCompile Include="Network\Peer.cpp">
      <Filter>Network\Peer</Filter>
    </ClCompile>
    <ClCompile Include="Network\C_UnityPeer.cpp">
      <Filter>Network\Peer</Filter>
    </ClCompile>
    <ClCompile Include="Network\Packet\ContentsProcess.cpp">
      <Filter>Network\Process</Filter>
    </ClCompile>
    <ClCompile Include="Network\Packet\MainProcess.cpp">
      <Filter>Network\Process</Filter>
    </ClCompile>
  </ItemGroup>
</Project>